
Microsoft Visual Studio Solution File, Format Version 12.00
# Visual Studio Version 17
VisualStudioVersion = 17.11.35327.3
MinimumVisualStudioVersion = 10.0.40219.1
Project("{9A19103F-16F7-4668-BE54-9A1E7A4F7556}") = "Peluqueria.API", "Peluqueria.API\Peluqueria.API.csproj", "{610C0AA6-193B-4416-B039-D8AA82C9F022}"
EndProject
Project("{9A19103F-16F7-4668-BE54-9A1E7A4F7556}") = "Peluqueria.DAL", "Peluqueria.DAL\Peluqueria.DAL.csproj", "{AC5F545C-881F-4E91-92C3-F27B31C7F277}"
EndProject
Project("{9A19103F-16F7-4668-BE54-9A1E7A4F7556}") = "Peluqueria.BLL", "Peluqueria.BLL\Peluqueria.BLL.csproj", "{E661CC17-50B2-4CEF-B81A-BE62F7FA3C1A}"
EndProject
Project("{9A19103F-16F7-4668-BE54-9A1E7A4F7556}") = "Peluqueria.Model", "Peluqueria.Model\Peluqueria.Model.csproj", "{31CEB260-4DE2-4E39-A2CB-D34118908871}"
EndProject
Project("{9A19103F-16F7-4668-BE54-9A1E7A4F7556}") = "Peluqueria.IOC", "Peluqueria.IOC\Peluqueria.IOC.csproj", "{FEA2E213-9048-418B-AF79-ABF5FE0CCF60}"
EndProject
Project("{9A19103F-16F7-4668-BE54-9A1E7A4F7556}") = "Peluqueria.DTO", "Peluqueria.DTO\Peluqueria.DTO.csproj", "{CCB6DA6B-7CA2-442A-9822-DC92A34E9BD2}"
EndProject
Project("{9A19103F-16F7-4668-BE54-9A1E7A4F7556}") = "Peluqueria.Utility", "Peluqueria.Utility\Peluqueria.Utility.csproj", "{3005FE9F-6343-432D-85E5-A83868B62B3B}"
EndProject
Global
	GlobalSection(SolutionConfigurationPlatforms) = preSolution
		Debug|Any CPU = Debug|Any CPU
		Release|Any CPU = Release|Any CPU
	EndGlobalSection
	GlobalSection(ProjectConfigurationPlatforms) = postSolution
		{610C0AA6-193B-4416-B039-D8AA82C9F022}.Debug|Any CPU.ActiveCfg = Debug|Any CPU
		{610C0AA6-193B-4416-B039-D8AA82C9F022}.Debug|Any CPU.Build.0 = Debug|Any CPU
		{610C0AA6-193B-4416-B039-D8AA82C9F022}.Release|Any CPU.ActiveCfg = Release|Any CPU
		{610C0AA6-193B-4416-B039-D8AA82C9F022}.Release|Any CPU.Build.0 = Release|Any CPU
		{AC5F545C-881F-4E91-92C3-F27B31C7F277}.Debug|Any CPU.ActiveCfg = Debug|Any CPU
		{AC5F545C-881F-4E91-92C3-F27B31C7F277}.Debug|Any CPU.Build.0 = Debug|Any CPU
		{AC5F545C-881F-4E91-92C3-F27B31C7F277}.Release|Any CPU.ActiveCfg = Release|Any CPU
		{AC5F545C-881F-4E91-92C3-F27B31C7F277}.Release|Any CPU.Build.0 = Release|Any CPU
		{E661CC17-50B2-4CEF-B81A-BE62F7FA3C1A}.Debug|Any CPU.ActiveCfg = Debug|Any CPU
		{E661CC17-50B2-4CEF-B81A-BE62F7FA3C1A}.Debug|Any CPU.Build.0 = Debug|Any CPU
		{E661CC17-50B2-4CEF-B81A-BE62F7FA3C1A}.Release|Any CPU.ActiveCfg = Release|Any CPU
		{E661CC17-50B2-4CEF-B81A-BE62F7FA3C1A}.Release|Any CPU.Build.0 = Release|Any CPU
		{31CEB260-4DE2-4E39-A2CB-D34118908871}.Debug|Any CPU.ActiveCfg = Debug|Any CPU
		{31CEB260-4DE2-4E39-A2CB-D34118908871}.Debug|Any CPU.Build.0 = Debug|Any CPU
		{31CEB260-4DE2-4E39-A2CB-D34118908871}.Release|Any CPU.ActiveCfg = Release|Any CPU
		{31CEB260-4DE2-4E39-A2CB-D34118908871}.Release|Any CPU.Build.0 = Release|Any CPU
		{FEA2E213-9048-418B-AF79-ABF5FE0CCF60}.Debug|Any CPU.ActiveCfg = Debug|Any CPU
		{FEA2E213-9048-418B-AF79-ABF5FE0CCF60}.Debug|Any CPU.Build.0 = Debug|Any CPU
		{FEA2E213-9048-418B-AF79-ABF5FE0CCF60}.Release|Any CPU.ActiveCfg = Release|Any CPU
		{FEA2E213-9048-418B-AF79-ABF5FE0CCF60}.Release|Any CPU.Build.0 = Release|Any CPU
		{CCB6DA6B-7CA2-442A-9822-DC92A34E9BD2}.Debug|Any CPU.ActiveCfg = Debug|Any CPU
		{CCB6DA6B-7CA2-442A-9822-DC92A34E9BD2}.Debug|Any CPU.Build.0 = Debug|Any CPU
		{CCB6DA6B-7CA2-442A-9822-DC92A34E9BD2}.Release|Any CPU.ActiveCfg = Release|Any CPU
		{CCB6DA6B-7CA2-442A-9822-DC92A34E9BD2}.Release|Any CPU.Build.0 = Release|Any CPU
		{3005FE9F-6343-432D-85E5-A83868B62B3B}.Debug|Any CPU.ActiveCfg = Debug|Any CPU
		{3005FE9F-6343-432D-85E5-A83868B62B3B}.Debug|Any CPU.Build.0 = Debug|Any CPU
		{3005FE9F-6343-432D-85E5-A83868B62B3B}.Release|Any CPU.ActiveCfg = Release|Any CPU
		{3005FE9F-6343-432D-85E5-A83868B62B3B}.Release|Any CPU.Build.0 = Release|Any CPU
	EndGlobalSection
	GlobalSection(SolutionProperties) = preSolution
		HideSolutionNode = FALSE
	EndGlobalSection
	GlobalSection(ExtensibilityGlobals) = postSolution
		SolutionGuid = {CB6D8DD4-E9E0-4865-ABEE-78E20EEDB6A9}
	EndGlobalSection
EndGlobal
